Microsoft Visual Studio Solution File, Format Version 12.00
# Visual Studio Version 17
VisualStudioVersion = 17.5.2.0
MinimumVisualStudioVersion = 10.0.40219.1
Project("{FAE04EC0-301F-11D3-BF4B-00C04F79EFBC}") = "CursoSK.Api", "CursoSK.Api\CursoSK.Api.csproj", "{4D742989-2F92-10F3-1F37-4FC6C6942A56}"
EndProject
Global
	GlobalSection(SolutionConfigurationPlatforms) = preSolution
		Debug|Any CPU = Debug|Any CPU
		Release|Any CPU = Release|Any CPU
	EndGlobalSection
	GlobalSection(ProjectConfigurationPlatforms) = postSolution
		{4D742989-2F92-10F3-1F37-4FC6C6942A56}.Debug|Any CPU.ActiveCfg = Debug|Any CPU
		{4D742989-2F92-10F3-1F37-4FC6C6942A56}.Debug|Any CPU.Build.0 = Debug|Any CPU
		{4D742989-2F92-10F3-1F37-4FC6C6942A56}.Release|Any CPU.ActiveCfg = Release|Any CPU
		{4D742989-2F92-10F3-1F37-4FC6C6942A56}.Release|Any CPU.Build.0 = Release|Any CPU
	EndGlobalSection
	GlobalSection(SolutionProperties) = preSolution
		HideSolutionNode = FALSE
	EndGlobalSection
	GlobalSection(ExtensibilityGlobals) = postSolution
		SolutionGuid = {7D3F907C-9FE5-450F-A83A-3C5B885FA402}
	EndGlobalSection
EndGlobal
